{
  "version": 4,
  "terraform_version": "0.13.4",
  "serial": 33,
  "lineage": "d03619a3-e05f-1398-2b27-23d906499efc",
  "outputs": {
    "tls_private_key": {
      "value": "-----BEGIN RSA PRIVATE KEY-----\nMIIJJwIBAAKCAgEAoOq0Ht0JUemGMGG28vtIzk9rtZzC4aVaaaKa7/duaZ0knWRX\n4q/7n6c1K5TDY2aSoH97U8U27RY5JP+I9hphzNW09S63RD1QkPSsSyVk5r6LHp5N\nVh27s+DCdFlubM7awSP/l2rZOWWqU/l4gwypIaRAvbNjhfpaNwHAnt8v8DZFbpLK\nzqGURzZ0gEBNbDOTnMVKsxnCdY27//3pGiEtT/vYx/7xfmEU977cQJtUnTTiVS65\nnUUJKNkYJgNxIwn5VRkKDUkftLeHdB8YQXXDXoJn3gHw41r70SV0YaSebJM8P0BJ\n/kol0TtlpWGBlqXhkPvsM3MdNvp2IbelrRujaC7pjUIUTLWuV0Jku7cVdoAAHHd4\ncFG5yXIE6dpdym+PdgyTjoYitsaomlNynuqP3y0MDQDrYPpepMyPVIRRX9pEaGZa\n2AFzXTEq0j4tq53kJ/UdMjy3Tr7jHSrjxoZbTvkvUd42uy2vqaRpm2vA5UNNUpz9\nrquZynhbl4r3prFIyqH2wu8/6QUtWHc2XBAaAtfi94M+Un+6yGX1OALQ4LXtc5xb\nmLui1dlGFIRjbt5Wo2qeqgPmHjdTViNVxsFUKPvc4vDFVMIc+660y05O6gXyi8wR\neVjNh61H7R/KBdY+XNfs30jR/Yx4a4qcU9GWZ/b0aiA4t0oEjsjUQL7kNEECAwEA\nAQKCAgBT9MCPTcG8E/voKEM8mPCOe491zNk8w3ndnXH6+3yG6+8bkyvrYOgGj0XF\nfDNJHE4qIPkmZsHWhv6/l/dMd81JAsMMHRiPKPJs/ssZ1ePEI+wPyIYPBSpWmlC6\nRaLAcFhf5rlGtf+p26o3b/R5Y1Sm8by5fOvTDiCdjHOEMGwhhx9IppvbnR/w26+C\n7om2h15fr+veb/UuQgmxcTd6Y47xqTOcfR5gUqSO8eyWZLSL5PileuBq9obl4gag\nZrFTl7OXu52r+tfpAMxSQJr2JEwPdjhc82RMKr8xiroi67Ggcl0/nvo8C1GZzcSl\nua7T+64pZ9b/rPK0KY8S3m85Vy80qztYCi6RVK6aubgncaIDbNp4zzkS0q/6vLg1\nHRrzY2nGO7moGTqekZaAXecA/19O0hQqzwFpomKuDYGb8syXdSdXb3wQvk0jG52k\nDtS4jA9c1ot9XElwGegjldfN7+tu3CHOriaj+mLd9gOqDc/e/bk6JCKTB/z9tWzO\nOhAgPbS8aUh30madLWrNgVHPaMm62v6Qs1QcNzkrtvG+A0vwME4avuzI1j/FOGgC\ngEdiJF1wwJBOWIUCv9yoiiYyI2fGsFJs28IvldrUksqgWeKdlsYtrLJFgSlKmjRX\njRopmd1R5xPw3qj+LQZISh5kykic9qG4YGjNUgIJRGU3F6U5MQKCAQEA0thxJnKB\n8FS2kThkpavc/naVDhT35KgRM+D7Om8i4zwTe/sx1kBNbCQLzdA/XfHhZ9Y5II9D\nIUgavLM0gvdFE/oT9NY+aOa5jWZMmoZLXaN3ZFRGmFod/+rS06bH4ega9DxJKfDC\nKQ2BTPh2mBm4dtEHwbMEMrzsExfkLix93YyvZRdChzxFbP/GpU07UQVOwPRiUU9K\nTB5suk61zdg/UmT1riH5HbFLPtjQ2IHrBxcKkULVgmFF962AeZb3CAFnph53bFxk\n5SActcIsRPRNLtIcXVKWdj9gxW9jHA3whkpsUAtHgve+H4XkrQ2GXv50PtuWIMv6\ngx5nKM0mDJrtTQKCAQEAw2Du589+7yCoH8km+y4wx7KmTCctjwgFXh/3Hrroovra\n3F0RKPFCdSAx67zuGOeWEPSYUv9uaoqbCnbeXU1cJQvVCjmKvyFdGZGRjCOafko4\np+boAUzyygijXDyR0I9koKwRJGraL9GwfAacsEzmNxcMQ2gkAMHu3wNFV+EpRw5N\n6LiXYIvnbPa0wq4O5o7uE+ld4ANqMf+JpZM66o8kyERzUka2YH5vIeaZEozApNeY\ncdoJpFC/r11MZFf5/ZMY11s9UGm4c8k7BPZ2ASIx+go334dmNa0v3wqqc7ngeDAq\ngac9gZKqpytut5gUWeI8PjZg/3A6dCS+Sdt1nG34xQKCAQA0l25p06gbpVXAlVtt\ng5flFPkLASnwLAfWc+jWY4BFQ+fsRfThZzqonbkgBjC4IyxBNUsclv98nrqklOKl\nRD5DxF4T9RiuG9busTSsWpET80FFkkvllpzjB9S8nF5BOB75CsyJHJehm8/Dvjn+\nqHO9l1gi9Z83dK5B+PSem9RtXbkmMw4SI3OBw67t7ny8MeG5+XtIosl6gSBHvHhW\ntvjceXhajfjQcje9nmFBj+5q31FweEY/djn4lJt2OLS3l3oeEn1hVw6HpGHk6GEY\ndgOGiTwv/viu2BIwTR9gkQ2MwaWQta+JuHgA7uniTHxW14txXl5tIdQDvqKmp700\n6bQFAoIBABumjUkbUZCQI5sUAcNMnzSz8NsYNFdowDG4/mVH+IKQVAcZ2MLdmhUv\ncEE3pM67f754j1I3ui2z3gtWFVRJDYBks0rWJ++yzhU/R8T4iPXUlT4V7MG6XSYA\noPX90HkewhQHJgnsYWKhH4P9/5Dn4TDsvxyPEYFV8PN46Ahu4kOfH6GO9kWAp0kB\nhUWEErHIiqMgxNteQFpBGv7m3lCx33fEUDnVrhvr6Nh4ZTN93gm2RWnffLvXfblY\nz+XnmYasmbhovj2yKJuiYArswniYmVAUwCGPbQSttPew77yfEsiPsIRW4dqDokk0\nWV/8Uu0BmpsHYSTlgjBLvu5+858m5S0CggEAMaAUB3DGfLfAkGl/aKqoLV08JR4f\n6t+LMr/LBS3gpRaaqySUeVik8oyw79Lhz3Aj9gu84F3pDlSPjzgPZ93D80ApsPoK\nDMkPKjmWgQ1z6IRlCtCPPg5/RbCzrVYSSJRxRVmB/tnzEUTjMLGmS2bToV0Vnhkk\ncS5EVC/KEWJ0gmWYWYBcwIBLSFhxyk7P9iV6tP6IWyLI0htq5nnRJ0ehbp1U2TXA\nBydmnSvMl9vGxIlHdxtbVX5kf7d1pF9jZXT2XJ8q2MUX5hrfRxUjSTktkaV0ezFj\ngkPJHZQFoMLr6ZFBG7BTkvETwcoQrCvQgVKudjQfh4RJTxmwDFpqa2j/Ew==\n-----END RSA PRIVATE KEY-----\n",
      "type": "string"
    }
  },
  "resources": [
    {
      "mode": "managed",
      "type": "azurerm_linux_virtual_machine",
      "name": "myterraformvm",
      "provider": "provider[\"registry.terraform.io/hashicorp/azurerm\"]",
      "instances": [
        {
          "schema_version": 0,
          "attributes": {
            "additional_capabilities": [],
            "admin_password": null,
            "admin_ssh_key": [
              {
                "public_key": "ssh-rsa AAAAB3NzaC1yc2EAAAADAQABAAACAQCg6rQe3QlR6YYwYbby+0jOT2u1nMLhpVppoprv925pnSSdZFfir/ufpzUrlMNjZpKgf3tTxTbtFjkk/4j2GmHM1bT1LrdEPVCQ9KxLJWTmvosenk1WHbuz4MJ0WW5sztrBI/+Xatk5ZapT+XiDDKkhpEC9s2OF+lo3AcCe3y/wNkVuksrOoZRHNnSAQE1sM5OcxUqzGcJ1jbv//ekaIS1P+9jH/vF+YRT3vtxAm1SdNOJVLrmdRQko2RgmA3EjCflVGQoNSR+0t4d0HxhBdcNegmfeAfDjWvvRJXRhpJ5skzw/QEn+SiXRO2WlYYGWpeGQ++wzcx02+nYht6WtG6NoLumNQhRMta5XQmS7txV2gAAcd3hwUbnJcgTp2l3Kb492DJOOhiK2xqiaU3Ke6o/fLQwNAOtg+l6kzI9UhFFf2kRoZlrYAXNdMSrSPi2rneQn9R0yPLdOvuMdKuPGhltO+S9R3ja7La+ppGmba8DlQ01SnP2uq5nKeFuXivemsUjKofbC7z/pBS1YdzZcEBoC1+L3gz5Sf7rIZfU4AtDgte1znFuYu6LV2UYUhGNu3lajap6qA+YeN1NWI1XGwVQo+9zi8MVUwhz7rrTLTk7qBfKLzBF5WM2HrUftH8oF1j5c1+zfSNH9jHhripxT0ZZn9vRqIDi3SgSOyNRAvuQ0QQ==\n",
                "username": "azureuser"
              }
            ],
            "admin_username": "azureuser",
            "allow_extension_operations": true,
            "availability_set_id": "",
            "boot_diagnostics": [
              {
                "storage_account_uri": "https://diag62b63178422f4b0b.blob.core.windows.net/"
              }
            ],
            "computer_name": "myvm",
            "custom_data": null,
            "dedicated_host_id": "",
            "disable_password_authentication": true,
            "encryption_at_host_enabled": false,
            "eviction_policy": "",
            "extensions_time_budget": "PT1H30M",
            "id": "/subscriptions/36021fe5-f7c5-40a2-806c-d934dd026e87/resourceGroups/test02/providers/Microsoft.Compute/virtualMachines/myVM",
            "identity": [],
            "location": "eastus",
            "max_bid_price": -1,
            "name": "myVM",
            "network_interface_ids": [
              "/subscriptions/36021fe5-f7c5-40a2-806c-d934dd026e87/resourceGroups/test02/providers/Microsoft.Network/networkInterfaces/myNIC"
            ],
            "os_disk": [
              {
                "caching": "ReadWrite",
                "diff_disk_settings": [],
                "disk_encryption_set_id": "",
                "disk_size_gb": 30,
                "name": "myOsDisk",
                "storage_account_type": "Premium_LRS",
                "write_accelerator_enabled": false
              }
            ],
            "plan": [],
            "priority": "Regular",
            "private_ip_address": "10.0.1.4",
            "private_ip_addresses": [
              "10.0.1.4"
            ],
            "provision_vm_agent": true,
            "proximity_placement_group_id": "",
            "public_ip_address": "13.68.251.121",
            "public_ip_addresses": [
              "13.68.251.121"
            ],
            "resource_group_name": "test02",
            "secret": [],
            "size": "Standard_DS1_v2",
            "source_image_id": "",
            "source_image_reference": [
              {
                "offer": "UbuntuServer",
                "publisher": "Canonical",
                "sku": "18.04-LTS",
                "version": "latest"
              }
            ],
            "tags": {
              "environment": "Terraform Demo"
            },
            "timeouts": null,
            "virtual_machine_id": "6e4d4b85-5c2f-4bf3-9ac3-b5239a41bd56",
            "virtual_machine_scale_set_id": "",
            "zone": ""
          },
          "private": "eyJlMmJmYjczMC1lY2FhLTExZTYtOGY4OC0zNDM2M2JjN2M0YzAiOnsiY3JlYXRlIjoyNzAwMDAwMDAwMDAwLCJkZWxldGUiOjI3MDAwMDAwMDAwMDAsInJlYWQiOjMwMDAwMDAwMDAwMCwidXBkYXRlIjoyNzAwMDAwMDAwMDAwfX0=",
          "dependencies": [
            "azurerm_network_interface.myterraformnic",
            "azurerm_public_ip.myterraformpublicip",
            "azurerm_resource_group.myterraformgroup",
            "azurerm_storage_account.mystorageaccount",
            "azurerm_subnet.myterraformsubnet",
            "azurerm_virtual_network.myterraformnetwork",
            "random_id.randomId",
            "tls_private_key.example_ssh"
          ]
        }
      ]
    },
    {
      "mode": "managed",
      "type": "azurerm_network_interface",
      "name": "myterraformnic",
      "provider": "provider[\"registry.terraform.io/hashicorp/azurerm\"]",
      "instances": [
        {
          "schema_version": 0,
          "attributes": {
            "applied_dns_servers": [],
            "dns_servers": [],
            "enable_accelerated_networking": false,
            "enable_ip_forwarding": false,
            "id": "/subscriptions/36021fe5-f7c5-40a2-806c-d934dd026e87/resourceGroups/test02/providers/Microsoft.Network/networkInterfaces/myNIC",
            "internal_dns_name_label": "",
            "internal_domain_name_suffix": "qvlslmeixumevhz41uapgow12e.bx.internal.cloudapp.net",
            "ip_configuration": [
              {
                "name": "myNicConfiguration",
                "primary": true,
                "private_ip_address": "10.0.1.4",
                "private_ip_address_allocation": "Dynamic",
                "private_ip_address_version": "IPv4",
                "public_ip_address_id": "/subscriptions/36021fe5-f7c5-40a2-806c-d934dd026e87/resourceGroups/test02/providers/Microsoft.Network/publicIPAddresses/myPublicIP",
                "subnet_id": "/subscriptions/36021fe5-f7c5-40a2-806c-d934dd026e87/resourceGroups/test02/providers/Microsoft.Network/virtualNetworks/myVnet/subnets/mySubnet"
              }
            ],
            "location": "eastus",
            "mac_address": "",
            "name": "myNIC",
            "private_ip_address": "10.0.1.4",
            "private_ip_addresses": [
              "10.0.1.4"
            ],
            "resource_group_name": "test02",
            "tags": {
              "environment": "Terraform Demo"
            },
            "timeouts": null,
            "virtual_machine_id": ""
          },
          "private": "eyJlMmJmYjczMC1lY2FhLTExZTYtOGY4OC0zNDM2M2JjN2M0YzAiOnsiY3JlYXRlIjoxODAwMDAwMDAwMDAwLCJkZWxldGUiOjE4MDAwMDAwMDAwMDAsInJlYWQiOjMwMDAwMDAwMDAwMCwidXBkYXRlIjoxODAwMDAwMDAwMDAwfX0=",
          "dependencies": [
            "azurerm_public_ip.myterraformpublicip",
            "azurerm_resource_group.myterraformgroup",
            "azurerm_subnet.myterraformsubnet",
            "azurerm_virtual_network.myterraformnetwork"
          ]
        }
      ]
    },
    {
      "mode": "managed",
      "type": "azurerm_network_interface_security_group_association",
      "name": "example",
      "provider": "provider[\"registry.terraform.io/hashicorp/azurerm\"]",
      "instances": [
        {
          "schema_version": 0,
          "attributes": {
            "id": "/subscriptions/36021fe5-f7c5-40a2-806c-d934dd026e87/resourceGroups/test02/providers/Microsoft.Network/networkInterfaces/myNIC|/subscriptions/36021fe5-f7c5-40a2-806c-d934dd026e87/resourceGroups/test02/providers/Microsoft.Network/networkSecurityGroups/myNetworkSecurityGroup",
            "network_interface_id": "/subscriptions/36021fe5-f7c5-40a2-806c-d934dd026e87/resourceGroups/test02/providers/Microsoft.Network/networkInterfaces/myNIC",
            "network_security_group_id": "/subscriptions/36021fe5-f7c5-40a2-806c-d934dd026e87/resourceGroups/test02/providers/Microsoft.Network/networkSecurityGroups/myNetworkSecurityGroup",
            "timeouts": null
          },
          "private": "eyJlMmJmYjczMC1lY2FhLTExZTYtOGY4OC0zNDM2M2JjN2M0YzAiOnsiY3JlYXRlIjoxODAwMDAwMDAwMDAwLCJkZWxldGUiOjE4MDAwMDAwMDAwMDAsInJlYWQiOjMwMDAwMDAwMDAwMCwidXBkYXRlIjoxODAwMDAwMDAwMDAwfX0=",
          "dependencies": [
            "azurerm_network_interface.myterraformnic",
            "azurerm_network_security_group.myterraformnsg",
            "azurerm_public_ip.myterraformpublicip",
            "azurerm_resource_group.myterraformgroup",
            "azurerm_subnet.myterraformsubnet",
            "azurerm_virtual_network.myterraformnetwork"
          ]
        }
      ]
    },
    {
      "mode": "managed",
      "type": "azurerm_network_security_group",
      "name": "myterraformnsg",
      "provider": "provider[\"registry.terraform.io/hashicorp/azurerm\"]",
      "instances": [
        {
          "schema_version": 0,
          "attributes": {
            "id": "/subscriptions/36021fe5-f7c5-40a2-806c-d934dd026e87/resourceGroups/test02/providers/Microsoft.Network/networkSecurityGroups/myNetworkSecurityGroup",
            "location": "eastus",
            "name": "myNetworkSecurityGroup",
            "resource_group_name": "test02",
            "security_rule": [
              {
                "access": "Allow",
                "description": "",
                "destination_address_prefix": "*",
                "destination_address_prefixes": [],
                "destination_application_security_group_ids": [],
                "destination_port_range": "22",
                "destination_port_ranges": [],
                "direction": "Inbound",
                "name": "SSH",
                "priority": 1001,
                "protocol": "Tcp",
                "source_address_prefix": "*",
                "source_address_prefixes": [],
                "source_application_security_group_ids": [],
                "source_port_range": "*",
                "source_port_ranges": []
              }
            ],
            "tags": {
              "environment": "Terraform Demo"
            },
            "timeouts": null
          },
          "private": "eyJlMmJmYjczMC1lY2FhLTExZTYtOGY4OC0zNDM2M2JjN2M0YzAiOnsiY3JlYXRlIjoxODAwMDAwMDAwMDAwLCJkZWxldGUiOjE4MDAwMDAwMDAwMDAsInJlYWQiOjMwMDAwMDAwMDAwMCwidXBkYXRlIjoxODAwMDAwMDAwMDAwfX0=",
          "dependencies": [
            "azurerm_resource_group.myterraformgroup"
          ]
        }
      ]
    },
    {
      "mode": "managed",
      "type": "azurerm_public_ip",
      "name": "myterraformpublicip",
      "provider": "provider[\"registry.terraform.io/hashicorp/azurerm\"]",
      "instances": [
        {
          "schema_version": 0,
          "attributes": {
            "allocation_method": "Dynamic",
            "domain_name_label": null,
            "fqdn": null,
            "id": "/subscriptions/36021fe5-f7c5-40a2-806c-d934dd026e87/resourceGroups/test02/providers/Microsoft.Network/publicIPAddresses/myPublicIP",
            "idle_timeout_in_minutes": 4,
            "ip_address": "",
            "ip_version": "IPv4",
            "location": "eastus",
            "name": "myPublicIP",
            "public_ip_prefix_id": null,
            "resource_group_name": "test02",
            "reverse_fqdn": null,
            "sku": "Basic",
            "tags": {
              "environment": "Terraform Demo"
            },
            "timeouts": null,
            "zones": null
          },
          "private": "eyJlMmJmYjczMC1lY2FhLTExZTYtOGY4OC0zNDM2M2JjN2M0YzAiOnsiY3JlYXRlIjoxODAwMDAwMDAwMDAwLCJkZWxldGUiOjE4MDAwMDAwMDAwMDAsInJlYWQiOjMwMDAwMDAwMDAwMCwidXBkYXRlIjoxODAwMDAwMDAwMDAwfX0=",
          "dependencies": [
            "azurerm_resource_group.myterraformgroup"
          ]
        }
      ]
    },
    {
      "mode": "managed",
      "type": "azurerm_resource_group",
      "name": "myterraformgroup",
      "provider": "provider[\"registry.terraform.io/hashicorp/azurerm\"]",
      "instances": [
        {
          "schema_version": 0,
          "attributes": {
            "id": "/subscriptions/36021fe5-f7c5-40a2-806c-d934dd026e87/resourceGroups/test02",
            "location": "eastus",
            "name": "test02",
            "tags": {
              "environment": "Terraform Demo"
            },
            "timeouts": null
          },
          "private": "eyJlMmJmYjczMC1lY2FhLTExZTYtOGY4OC0zNDM2M2JjN2M0YzAiOnsiY3JlYXRlIjo1NDAwMDAwMDAwMDAwLCJkZWxldGUiOjU0MDAwMDAwMDAwMDAsInJlYWQiOjMwMDAwMDAwMDAwMCwidXBkYXRlIjo1NDAwMDAwMDAwMDAwfX0="
        }
      ]
    },
    {
      "mode": "managed",
      "type": "azurerm_storage_account",
      "name": "mystorageaccount",
      "provider": "provider[\"registry.terraform.io/hashicorp/azurerm\"]",
      "instances": [
        {
          "schema_version": 2,
          "attributes": {
            "access_tier": "Hot",
            "account_kind": "StorageV2",
            "account_replication_type": "LRS",
            "account_tier": "Standard",
            "allow_blob_public_access": false,
            "blob_properties": [],
            "custom_domain": [],
            "enable_https_traffic_only": true,
            "id": "/subscriptions/36021fe5-f7c5-40a2-806c-d934dd026e87/resourceGroups/test02/providers/Microsoft.Storage/storageAccounts/diag62b63178422f4b0b",
            "identity": [],
            "is_hns_enabled": false,
            "large_file_share_enabled": null,
            "location": "eastus",
            "min_tls_version": "TLS1_0",
            "name": "diag62b63178422f4b0b",
            "network_rules": [
              {
                "bypass": [
                  "AzureServices"
                ],
                "default_action": "Allow",
                "ip_rules": [],
                "virtual_network_subnet_ids": []
              }
            ],
            "primary_access_key": "SLVgpPaWagPPorj+CjcM4CCUpgu7bjuAa86OUNtPLRFMU3wboCYWivN2RRuJwoU+iOzmn9KZ50QGSRzBmJBSGg==",
            "primary_blob_connection_string": "DefaultEndpointsProtocol=https;BlobEndpoint=https://diag62b63178422f4b0b.blob.core.windows.net/;AccountName=diag62b63178422f4b0b;AccountKey=SLVgpPaWagPPorj+CjcM4CCUpgu7bjuAa86OUNtPLRFMU3wboCYWivN2RRuJwoU+iOzmn9KZ50QGSRzBmJBSGg==",
            "primary_blob_endpoint": "https://diag62b63178422f4b0b.blob.core.windows.net/",
            "primary_blob_host": "diag62b63178422f4b0b.blob.core.windows.net",
            "primary_connection_string": "DefaultEndpointsProtocol=https;AccountName=diag62b63178422f4b0b;AccountKey=SLVgpPaWagPPorj+CjcM4CCUpgu7bjuAa86OUNtPLRFMU3wboCYWivN2RRuJwoU+iOzmn9KZ50QGSRzBmJBSGg==;EndpointSuffix=core.windows.net",
            "primary_dfs_endpoint": "https://diag62b63178422f4b0b.dfs.core.windows.net/",
            "primary_dfs_host": "diag62b63178422f4b0b.dfs.core.windows.net",
            "primary_file_endpoint": "https://diag62b63178422f4b0b.file.core.windows.net/",
            "primary_file_host": "diag62b63178422f4b0b.file.core.windows.net",
            "primary_location": "eastus",
            "primary_queue_endpoint": "https://diag62b63178422f4b0b.queue.core.windows.net/",
            "primary_queue_host": "diag62b63178422f4b0b.queue.core.windows.net",
            "primary_table_endpoint": "https://diag62b63178422f4b0b.table.core.windows.net/",
            "primary_table_host": "diag62b63178422f4b0b.table.core.windows.net",
            "primary_web_endpoint": "https://diag62b63178422f4b0b.z13.web.core.windows.net/",
            "primary_web_host": "diag62b63178422f4b0b.z13.web.core.windows.net",
            "queue_properties": [
              {
                "cors_rule": [],
                "hour_metrics": [
                  {
                    "enabled": true,
                    "include_apis": true,
                    "retention_policy_days": 7,
                    "version": "1.0"
                  }
                ],
                "logging": [
                  {
                    "delete": false,
                    "read": false,
                    "retention_policy_days": 0,
                    "version": "1.0",
                    "write": false
                  }
                ],
                "minute_metrics": [
                  {
                    "enabled": false,
                    "include_apis": false,
                    "retention_policy_days": 0,
                    "version": "1.0"
                  }
                ]
              }
            ],
            "resource_group_name": "test02",
            "secondary_access_key": "6p8F85ObsO9zcwcBmmGrX3HPS258tjliX/yi2tsi/vLJbemYCLE+22bcF6Xq7MpvDiEKZgA5RG8w4Uj5mT9ChQ==",
            "secondary_blob_connection_string": "",
            "secondary_blob_endpoint": null,
            "secondary_blob_host": null,
            "secondary_connection_string": "DefaultEndpointsProtocol=https;AccountName=diag62b63178422f4b0b;AccountKey=6p8F85ObsO9zcwcBmmGrX3HPS258tjliX/yi2tsi/vLJbemYCLE+22bcF6Xq7MpvDiEKZgA5RG8w4Uj5mT9ChQ==;EndpointSuffix=core.windows.net",
            "secondary_dfs_endpoint": null,
            "secondary_dfs_host": null,
            "secondary_file_endpoint": null,
            "secondary_file_host": null,
            "secondary_location": "",
            "secondary_queue_endpoint": null,
            "secondary_queue_host": null,
            "secondary_table_endpoint": null,
            "secondary_table_host": null,
            "secondary_web_endpoint": null,
            "secondary_web_host": null,
            "static_website": [],
            "tags": {
              "environment": "Terraform Demo"
            },
            "timeouts": null
          },
          "private": "eyJlMmJmYjczMC1lY2FhLTExZTYtOGY4OC0zNDM2M2JjN2M0YzAiOnsiY3JlYXRlIjozNjAwMDAwMDAwMDAwLCJkZWxldGUiOjM2MDAwMDAwMDAwMDAsInJlYWQiOjMwMDAwMDAwMDAwMCwidXBkYXRlIjozNjAwMDAwMDAwMDAwfSwic2NoZW1hX3ZlcnNpb24iOiIyIn0=",
          "dependencies": [
            "azurerm_resource_group.myterraformgroup",
            "random_id.randomId"
          ]
        }
      ]
    },
    {
      "mode": "managed",
      "type": "azurerm_subnet",
      "name": "myterraformsubnet",
      "provider": "provider[\"registry.terraform.io/hashicorp/azurerm\"]",
      "instances": [
        {
          "schema_version": 0,
          "attributes": {
            "address_prefix": "10.0.1.0/24",
            "address_prefixes": [
              "10.0.1.0/24"
            ],
            "delegation": [],
            "enforce_private_link_endpoint_network_policies": false,
            "enforce_private_link_service_network_policies": false,
            "id": "/subscriptions/36021fe5-f7c5-40a2-806c-d934dd026e87/resourceGroups/test02/providers/Microsoft.Network/virtualNetworks/myVnet/subnets/mySubnet",
            "name": "mySubnet",
            "resource_group_name": "test02",
            "service_endpoint_policy_ids": null,
            "service_endpoints": null,
            "timeouts": null,
            "virtual_network_name": "myVnet"
          },
          "private": "eyJlMmJmYjczMC1lY2FhLTExZTYtOGY4OC0zNDM2M2JjN2M0YzAiOnsiY3JlYXRlIjoxODAwMDAwMDAwMDAwLCJkZWxldGUiOjE4MDAwMDAwMDAwMDAsInJlYWQiOjMwMDAwMDAwMDAwMCwidXBkYXRlIjoxODAwMDAwMDAwMDAwfX0=",
          "dependencies": [
            "azurerm_resource_group.myterraformgroup",
            "azurerm_virtual_network.myterraformnetwork"
          ]
        }
      ]
    },
    {
      "mode": "managed",
      "type": "azurerm_virtual_network",
      "name": "myterraformnetwork",
      "provider": "provider[\"registry.terraform.io/hashicorp/azurerm\"]",
      "instances": [
        {
          "schema_version": 0,
          "attributes": {
            "address_space": [
              "10.0.0.0/16"
            ],
            "bgp_community": "",
            "ddos_protection_plan": [],
            "dns_servers": null,
            "guid": "b0255785-bd88-4a18-9f3e-dd00f33adbe4",
            "id": "/subscriptions/36021fe5-f7c5-40a2-806c-d934dd026e87/resourceGroups/test02/providers/Microsoft.Network/virtualNetworks/myVnet",
            "location": "eastus",
            "name": "myVnet",
            "resource_group_name": "test02",
            "subnet": [],
            "tags": {
              "environment": "Terraform Demo"
            },
            "timeouts": null,
            "vm_protection_enabled": false
          },
          "private": "eyJlMmJmYjczMC1lY2FhLTExZTYtOGY4OC0zNDM2M2JjN2M0YzAiOnsiY3JlYXRlIjoxODAwMDAwMDAwMDAwLCJkZWxldGUiOjE4MDAwMDAwMDAwMDAsInJlYWQiOjMwMDAwMDAwMDAwMCwidXBkYXRlIjoxODAwMDAwMDAwMDAwfX0=",
          "dependencies": [
            "azurerm_resource_group.myterraformgroup"
          ]
        }
      ]
    },
    {
      "mode": "managed",
      "type": "random_id",
      "name": "randomId",
      "provider": "provider[\"registry.terraform.io/hashicorp/random\"]",
      "instances": [
        {
          "schema_version": 0,
          "attributes": {
            "b64_std": "YrYxeEIvSws=",
            "b64_url": "YrYxeEIvSws",
            "byte_length": 8,
            "dec": "7112927054054509323",
            "hex": "62b63178422f4b0b",
            "id": "YrYxeEIvSws",
            "keepers": {
              "resource_group": "test02"
            },
            "prefix": null
          },
          "private": "bnVsbA==",
          "dependencies": [
            "azurerm_resource_group.myterraformgroup"
          ]
        }
      ]
    },
    {
      "mode": "managed",
      "type": "tls_private_key",
      "name": "example_ssh",
      "provider": "provider[\"registry.terraform.io/hashicorp/tls\"]",
      "instances": [
        {
          "schema_version": 0,
          "attributes": {
            "algorithm": "RSA",
            "ecdsa_curve": "P224",
            "id": "64ad631f6535b58d88edbd725cd397fcc4eea0b4",
            "private_key_pem": "-----BEGIN RSA PRIVATE KEY-----\nMIIJJwIBAAKCAgEAoOq0Ht0JUemGMGG28vtIzk9rtZzC4aVaaaKa7/duaZ0knWRX\n4q/7n6c1K5TDY2aSoH97U8U27RY5JP+I9hphzNW09S63RD1QkPSsSyVk5r6LHp5N\nVh27s+DCdFlubM7awSP/l2rZOWWqU/l4gwypIaRAvbNjhfpaNwHAnt8v8DZFbpLK\nzqGURzZ0gEBNbDOTnMVKsxnCdY27//3pGiEtT/vYx/7xfmEU977cQJtUnTTiVS65\nnUUJKNkYJgNxIwn5VRkKDUkftLeHdB8YQXXDXoJn3gHw41r70SV0YaSebJM8P0BJ\n/kol0TtlpWGBlqXhkPvsM3MdNvp2IbelrRujaC7pjUIUTLWuV0Jku7cVdoAAHHd4\ncFG5yXIE6dpdym+PdgyTjoYitsaomlNynuqP3y0MDQDrYPpepMyPVIRRX9pEaGZa\n2AFzXTEq0j4tq53kJ/UdMjy3Tr7jHSrjxoZbTvkvUd42uy2vqaRpm2vA5UNNUpz9\nrquZynhbl4r3prFIyqH2wu8/6QUtWHc2XBAaAtfi94M+Un+6yGX1OALQ4LXtc5xb\nmLui1dlGFIRjbt5Wo2qeqgPmHjdTViNVxsFUKPvc4vDFVMIc+660y05O6gXyi8wR\neVjNh61H7R/KBdY+XNfs30jR/Yx4a4qcU9GWZ/b0aiA4t0oEjsjUQL7kNEECAwEA\nAQKCAgBT9MCPTcG8E/voKEM8mPCOe491zNk8w3ndnXH6+3yG6+8bkyvrYOgGj0XF\nfDNJHE4qIPkmZsHWhv6/l/dMd81JAsMMHRiPKPJs/ssZ1ePEI+wPyIYPBSpWmlC6\nRaLAcFhf5rlGtf+p26o3b/R5Y1Sm8by5fOvTDiCdjHOEMGwhhx9IppvbnR/w26+C\n7om2h15fr+veb/UuQgmxcTd6Y47xqTOcfR5gUqSO8eyWZLSL5PileuBq9obl4gag\nZrFTl7OXu52r+tfpAMxSQJr2JEwPdjhc82RMKr8xiroi67Ggcl0/nvo8C1GZzcSl\nua7T+64pZ9b/rPK0KY8S3m85Vy80qztYCi6RVK6aubgncaIDbNp4zzkS0q/6vLg1\nHRrzY2nGO7moGTqekZaAXecA/19O0hQqzwFpomKuDYGb8syXdSdXb3wQvk0jG52k\nDtS4jA9c1ot9XElwGegjldfN7+tu3CHOriaj+mLd9gOqDc/e/bk6JCKTB/z9tWzO\nOhAgPbS8aUh30madLWrNgVHPaMm62v6Qs1QcNzkrtvG+A0vwME4avuzI1j/FOGgC\ngEdiJF1wwJBOWIUCv9yoiiYyI2fGsFJs28IvldrUksqgWeKdlsYtrLJFgSlKmjRX\njRopmd1R5xPw3qj+LQZISh5kykic9qG4YGjNUgIJRGU3F6U5MQKCAQEA0thxJnKB\n8FS2kThkpavc/naVDhT35KgRM+D7Om8i4zwTe/sx1kBNbCQLzdA/XfHhZ9Y5II9D\nIUgavLM0gvdFE/oT9NY+aOa5jWZMmoZLXaN3ZFRGmFod/+rS06bH4ega9DxJKfDC\nKQ2BTPh2mBm4dtEHwbMEMrzsExfkLix93YyvZRdChzxFbP/GpU07UQVOwPRiUU9K\nTB5suk61zdg/UmT1riH5HbFLPtjQ2IHrBxcKkULVgmFF962AeZb3CAFnph53bFxk\n5SActcIsRPRNLtIcXVKWdj9gxW9jHA3whkpsUAtHgve+H4XkrQ2GXv50PtuWIMv6\ngx5nKM0mDJrtTQKCAQEAw2Du589+7yCoH8km+y4wx7KmTCctjwgFXh/3Hrroovra\n3F0RKPFCdSAx67zuGOeWEPSYUv9uaoqbCnbeXU1cJQvVCjmKvyFdGZGRjCOafko4\np+boAUzyygijXDyR0I9koKwRJGraL9GwfAacsEzmNxcMQ2gkAMHu3wNFV+EpRw5N\n6LiXYIvnbPa0wq4O5o7uE+ld4ANqMf+JpZM66o8kyERzUka2YH5vIeaZEozApNeY\ncdoJpFC/r11MZFf5/ZMY11s9UGm4c8k7BPZ2ASIx+go334dmNa0v3wqqc7ngeDAq\ngac9gZKqpytut5gUWeI8PjZg/3A6dCS+Sdt1nG34xQKCAQA0l25p06gbpVXAlVtt\ng5flFPkLASnwLAfWc+jWY4BFQ+fsRfThZzqonbkgBjC4IyxBNUsclv98nrqklOKl\nRD5DxF4T9RiuG9busTSsWpET80FFkkvllpzjB9S8nF5BOB75CsyJHJehm8/Dvjn+\nqHO9l1gi9Z83dK5B+PSem9RtXbkmMw4SI3OBw67t7ny8MeG5+XtIosl6gSBHvHhW\ntvjceXhajfjQcje9nmFBj+5q31FweEY/djn4lJt2OLS3l3oeEn1hVw6HpGHk6GEY\ndgOGiTwv/viu2BIwTR9gkQ2MwaWQta+JuHgA7uniTHxW14txXl5tIdQDvqKmp700\n6bQFAoIBABumjUkbUZCQI5sUAcNMnzSz8NsYNFdowDG4/mVH+IKQVAcZ2MLdmhUv\ncEE3pM67f754j1I3ui2z3gtWFVRJDYBks0rWJ++yzhU/R8T4iPXUlT4V7MG6XSYA\noPX90HkewhQHJgnsYWKhH4P9/5Dn4TDsvxyPEYFV8PN46Ahu4kOfH6GO9kWAp0kB\nhUWEErHIiqMgxNteQFpBGv7m3lCx33fEUDnVrhvr6Nh4ZTN93gm2RWnffLvXfblY\nz+XnmYasmbhovj2yKJuiYArswniYmVAUwCGPbQSttPew77yfEsiPsIRW4dqDokk0\nWV/8Uu0BmpsHYSTlgjBLvu5+858m5S0CggEAMaAUB3DGfLfAkGl/aKqoLV08JR4f\n6t+LMr/LBS3gpRaaqySUeVik8oyw79Lhz3Aj9gu84F3pDlSPjzgPZ93D80ApsPoK\nDMkPKjmWgQ1z6IRlCtCPPg5/RbCzrVYSSJRxRVmB/tnzEUTjMLGmS2bToV0Vnhkk\ncS5EVC/KEWJ0gmWYWYBcwIBLSFhxyk7P9iV6tP6IWyLI0htq5nnRJ0ehbp1U2TXA\nBydmnSvMl9vGxIlHdxtbVX5kf7d1pF9jZXT2XJ8q2MUX5hrfRxUjSTktkaV0ezFj\ngkPJHZQFoMLr6ZFBG7BTkvETwcoQrCvQgVKudjQfh4RJTxmwDFpqa2j/Ew==\n-----END RSA PRIVATE KEY-----\n",
            "public_key_fingerprint_md5": "fe:ac:b3:e6:7f:be:f9:89:f7:50:2e:90:4f:24:4e:26",
            "public_key_openssh": "ssh-rsa AAAAB3NzaC1yc2EAAAADAQABAAACAQCg6rQe3QlR6YYwYbby+0jOT2u1nMLhpVppoprv925pnSSdZFfir/ufpzUrlMNjZpKgf3tTxTbtFjkk/4j2GmHM1bT1LrdEPVCQ9KxLJWTmvosenk1WHbuz4MJ0WW5sztrBI/+Xatk5ZapT+XiDDKkhpEC9s2OF+lo3AcCe3y/wNkVuksrOoZRHNnSAQE1sM5OcxUqzGcJ1jbv//ekaIS1P+9jH/vF+YRT3vtxAm1SdNOJVLrmdRQko2RgmA3EjCflVGQoNSR+0t4d0HxhBdcNegmfeAfDjWvvRJXRhpJ5skzw/QEn+SiXRO2WlYYGWpeGQ++wzcx02+nYht6WtG6NoLumNQhRMta5XQmS7txV2gAAcd3hwUbnJcgTp2l3Kb492DJOOhiK2xqiaU3Ke6o/fLQwNAOtg+l6kzI9UhFFf2kRoZlrYAXNdMSrSPi2rneQn9R0yPLdOvuMdKuPGhltO+S9R3ja7La+ppGmba8DlQ01SnP2uq5nKeFuXivemsUjKofbC7z/pBS1YdzZcEBoC1+L3gz5Sf7rIZfU4AtDgte1znFuYu6LV2UYUhGNu3lajap6qA+YeN1NWI1XGwVQo+9zi8MVUwhz7rrTLTk7qBfKLzBF5WM2HrUftH8oF1j5c1+zfSNH9jHhripxT0ZZn9vRqIDi3SgSOyNRAvuQ0QQ==\n",
            "public_key_pem": "-----BEGIN PUBLIC KEY-----\nMIICIjANBgkqhkiG9w0BAQEFAAOCAg8AMIICCgKCAgEAoOq0Ht0JUemGMGG28vtI\nzk9rtZzC4aVaaaKa7/duaZ0knWRX4q/7n6c1K5TDY2aSoH97U8U27RY5JP+I9hph\nzNW09S63RD1QkPSsSyVk5r6LHp5NVh27s+DCdFlubM7awSP/l2rZOWWqU/l4gwyp\nIaRAvbNjhfpaNwHAnt8v8DZFbpLKzqGURzZ0gEBNbDOTnMVKsxnCdY27//3pGiEt\nT/vYx/7xfmEU977cQJtUnTTiVS65nUUJKNkYJgNxIwn5VRkKDUkftLeHdB8YQXXD\nXoJn3gHw41r70SV0YaSebJM8P0BJ/kol0TtlpWGBlqXhkPvsM3MdNvp2IbelrRuj\naC7pjUIUTLWuV0Jku7cVdoAAHHd4cFG5yXIE6dpdym+PdgyTjoYitsaomlNynuqP\n3y0MDQDrYPpepMyPVIRRX9pEaGZa2AFzXTEq0j4tq53kJ/UdMjy3Tr7jHSrjxoZb\nTvkvUd42uy2vqaRpm2vA5UNNUpz9rquZynhbl4r3prFIyqH2wu8/6QUtWHc2XBAa\nAtfi94M+Un+6yGX1OALQ4LXtc5xbmLui1dlGFIRjbt5Wo2qeqgPmHjdTViNVxsFU\nKPvc4vDFVMIc+660y05O6gXyi8wReVjNh61H7R/KBdY+XNfs30jR/Yx4a4qcU9GW\nZ/b0aiA4t0oEjsjUQL7kNEECAwEAAQ==\n-----END PUBLIC KEY-----\n",
            "rsa_bits": 4096
          },
          "private": "bnVsbA=="
        }
      ]
    }
  ]
}
